
Microsoft Visual Studio Solution File, Format Version 12.00
# Visual Studio Version 16
VisualStudioVersion = 16.0.30611.23
MinimumVisualStudioVersion = 10.0.40219.1
Project("{FAE04EC0-301F-11D3-BF4B-00C04F79EFBC}") = "Proiect_Tudose_Baias", "Proiect_Tudose_Baias\Proiect_Tudose_Baias.csproj", "{2279A6A2-F579-4353-B9C8-E3A401017462}"
EndProject
Global
	GlobalSection(SolutionConfigurationPlatforms) = preSolution
		Debug|Any CPU = Debug|Any CPU
		Release|Any CPU = Release|Any CPU
	EndGlobalSection
	GlobalSection(ProjectConfigurationPlatforms) = postSolution
		{2279A6A2-F579-4353-B9C8-E3A401017462}.Debug|Any CPU.ActiveCfg = Debug|Any CPU
		{2279A6A2-F579-4353-B9C8-E3A401017462}.Debug|Any CPU.Build.0 = Debug|Any CPU
		{2279A6A2-F579-4353-B9C8-E3A401017462}.Release|Any CPU.ActiveCfg = Release|Any CPU
		{2279A6A2-F579-4353-B9C8-E3A401017462}.Release|Any CPU.Build.0 = Release|Any CPU
	EndGlobalSection
	GlobalSection(SolutionProperties) = preSolution
		HideSolutionNode = FALSE
	EndGlobalSection
	GlobalSection(ExtensibilityGlobals) = postSolution
		SolutionGuid = {B83A3CFA-86E2-4166-8488-56BF1A0C286D}
	EndGlobalSection
EndGlobal
